// !$*UTF8*$!
{
	archiveVersion = 1;
	classes = {
	};
	objectVersion = 50;
	objects = {

/* Begin PBXAggregateTarget section */
		375CEEFC2250C140000B2AA4 /* install in iCloud Drive */ = {
			isa = PBXAggregateTarget;
			buildConfigurationList = 375CEEFD2250C140000B2AA4 /* Build configuration list for PBXAggregateTarget "install in iCloud Drive" */;
			buildPhases = (
				375CEF022250C148000B2AA4 /* ShellScript */,
			);
			dependencies = (
				375CEF012250C146000B2AA4 /* PBXTargetDependency */,
			);
			name = "install in iCloud Drive";
			productName = "install in iCloud Drive";
		};
/* End PBXAggregateTarget section */

/* Begin PBXBuildFile section */
		02348239225BD5E8000B09D4 /* BookIcon.png in Resources */ = {isa = PBXBuildFile; fileRef = 02348238225BD5E8000B09D4 /* BookIcon.png */; };
		02D07FDB225D448E00D974CE /* en.lproj in Resources */ = {isa = PBXBuildFile; fileRef = 02D07FCC225D448C00D974CE /* en.lproj */; };
		02D07FDC225D448E00D974CE /* ja.lproj in Resources */ = {isa = PBXBuildFile; fileRef = 02D07FCD225D448C00D974CE /* ja.lproj */; };
		02D07FDD225D448E00D974CE /* es_419.lproj in Resources */ = {isa = PBXBuildFile; fileRef = 02D07FCE225D448C00D974CE /* es_419.lproj */; };
		02D07FDE225D448E00D974CE /* nl.lproj in Resources */ = {isa = PBXBuildFile; fileRef = 02D07FCF225D448C00D974CE /* nl.lproj */; };
		02D07FDF225D448E00D974CE /* th.lproj in Resources */ = {isa = PBXBuildFile; fileRef = 02D07FD0225D448D00D974CE /* th.lproj */; };
		02D07FE0225D448E00D974CE /* sv.lproj in Resources */ = {isa = PBXBuildFile; fileRef = 02D07FD1225D448D00D974CE /* sv.lproj */; };
		02D07FE1225D448E00D974CE /* it.lproj in Resources */ = {isa = PBXBuildFile; fileRef = 02D07FD2225D448D00D974CE /* it.lproj */; };
		02D07FE2225D448E00D974CE /* ko.lproj in Resources */ = {isa = PBXBuildFile; fileRef = 02D07FD3225D448D00D974CE /* ko.lproj */; };
		02D07FE3225D448E00D974CE /* es.lproj in Resources */ = {isa = PBXBuildFile; fileRef = 02D07FD4225D448D00D974CE /* es.lproj */; };
		02D07FE4225D448E00D974CE /* fr.lproj in Resources */ = {isa = PBXBuildFile; fileRef = 02D07FD5225D448D00D974CE /* fr.lproj */; };
		02D07FE5225D448E00D974CE /* pt.lproj in Resources */ = {isa = PBXBuildFile; fileRef = 02D07FD6225D448D00D974CE /* pt.lproj */; };
		02D07FE6225D448E00D974CE /* zh_CN.lproj in Resources */ = {isa = PBXBuildFile; fileRef = 02D07FD7225D448D00D974CE /* zh_CN.lproj */; };
		02D07FE7225D448E00D974CE /* zh_TW.lproj in Resources */ = {isa = PBXBuildFile; fileRef = 02D07FD8225D448D00D974CE /* zh_TW.lproj */; };
		02D07FE8225D448E00D974CE /* de.lproj in Resources */ = {isa = PBXBuildFile; fileRef = 02D07FD9225D448E00D974CE /* de.lproj */; };
		02D07FE9225D448E00D974CE /* tr.lproj in Resources */ = {isa = PBXBuildFile; fileRef = 02D07FDA225D448E00D974CE /* tr.lproj */; };
		3749C45F224F737F00E9DACD /* Assessor.swift in Sources */ = {isa = PBXBuildFile; fileRef = 374E0F26224F57EE00E1D0F3 /* Assessor.swift */; };
		3749C460224F737F00E9DACD /* Canon.swift in Sources */ = {isa = PBXBuildFile; fileRef = 374E0F25224F57EE00E1D0F3 /* Canon.swift */; };
		3749C461224F737F00E9DACD /* DataStorage.swift in Sources */ = {isa = PBXBuildFile; fileRef = 374E0F2E224F57EF00E1D0F3 /* DataStorage.swift */; };
		3749C462224F737F00E9DACD /* Drone.swift in Sources */ = {isa = PBXBuildFile; fileRef = 374E0F31224F57EF00E1D0F3 /* Drone.swift */; };
		3749C463224F737F00E9DACD /* DroneBle.swift in Sources */ = {isa = PBXBuildFile; fileRef = 374E0F2D224F57EF00E1D0F3 /* DroneBle.swift */; };
		3749C464224F737F00E9DACD /* DroneController.swift in Sources */ = {isa = PBXBuildFile; fileRef = 374E0F2C224F57EF00E1D0F3 /* DroneController.swift */; };
		3749C465224F737F00E9DACD /* DroneProtocol.swift in Sources */ = {isa = PBXBuildFile; fileRef = 374E0F27224F57EE00E1D0F3 /* DroneProtocol.swift */; };
		3749C466224F737F00E9DACD /* DroneViewControllerBase.swift in Sources */ = {isa = PBXBuildFile; fileRef = 374E0F23224F57EE00E1D0F3 /* DroneViewControllerBase.swift */; };
		3749C467224F737F00E9DACD /* DroneViewProxy.swift in Sources */ = {isa = PBXBuildFile; fileRef = 374E0F1F224F57EE00E1D0F3 /* DroneViewProxy.swift */; };
		3749C468224F737F00E9DACD /* FlipDirection.swift in Sources */ = {isa = PBXBuildFile; fileRef = 374E0F29224F57EE00E1D0F3 /* FlipDirection.swift */; };
		3749C469224F737F00E9DACD /* FlyingState.swift in Sources */ = {isa = PBXBuildFile; fileRef = 374E0F20224F57EE00E1D0F3 /* FlyingState.swift */; };
		3749C46A224F737F00E9DACD /* Grabber.swift in Sources */ = {isa = PBXBuildFile; fileRef = 374E0F21224F57EE00E1D0F3 /* Grabber.swift */; };
		3749C46B224F737F00E9DACD /* Lights.swift in Sources */ = {isa = PBXBuildFile; fileRef = 374E0F24224F57EE00E1D0F3 /* Lights.swift */; };
		3749C46C224F737F00E9DACD /* MainViewController.swift in Sources */ = {isa = PBXBuildFile; fileRef = 374E0F2A224F57EE00E1D0F3 /* MainViewController.swift */; };
		3749C46D224F737F00E9DACD /* MotionDetector.swift in Sources */ = {isa = PBXBuildFile; fileRef = 374E0F2F224F57EF00E1D0F3 /* MotionDetector.swift */; };
		3749C46E224F737F00E9DACD /* MotionTracker.swift in Sources */ = {isa = PBXBuildFile; fileRef = 374E0F28224F57EE00E1D0F3 /* MotionTracker.swift */; };
		3749C46F224F737F00E9DACD /* MoveDirection.swift in Sources */ = {isa = PBXBuildFile; fileRef = 374E0F2B224F57EF00E1D0F3 /* MoveDirection.swift */; };
		3749C470224F737F00E9DACD /* MoveParams.swift in Sources */ = {isa = PBXBuildFile; fileRef = 374E0F30224F57EF00E1D0F3 /* MoveParams.swift */; };
		3749C471224F737F00E9DACD /* TurnDirection.swift in Sources */ = {isa = PBXBuildFile; fileRef = 374E0F22224F57EE00E1D0F3 /* TurnDirection.swift */; };
		3749C472224F737F00E9DACD /* Api.swift in Sources */ = {isa = PBXBuildFile; fileRef = 374E0F1E224F57DE00E1D0F3 /* Api.swift */; };
		3749C4742250B25A00E9DACD /* Assets.xcassets in Resources */ = {isa = PBXBuildFile; fileRef = 3749C4732250B25A00E9DACD /* Assets.xcassets */; };
		3749C4772250B26600E9DACD /* Main.storyboard in Resources */ = {isa = PBXBuildFile; fileRef = 3749C4752250B26600E9DACD /* Main.storyboard */; };
		5E086DD32051E3A3004D8D25 /* Manifest.plist in Copy Book Contents */ = {isa = PBXBuildFile; fileRef = 5E086DCF2051DF0F004D8D25 /* Manifest.plist */; };
		5EA2E3C02056F35A00416A35 /* AppDelegate.swift in Sources */ = {isa = PBXBuildFile; fileRef = 5EA2E3BF2056F35A00416A35 /* AppDelegate.swift */; };
		5EA2E3CA2056F35B00416A35 /* LiveViewTestAppLaunchScreen.storyboard in Resources */ = {isa = PBXBuildFile; fileRef = 5EA2E3C82056F35B00416A35 /* LiveViewTestAppLaunchScreen.storyboard */; };
		5EA2E3D42056F36800416A35 /* libBook_Sources.a in Frameworks */ = {isa = PBXBuildFile; fileRef = 5EF2F9AB2054BBF300191409 /* libBook_Sources.a */; };
		5EA2E3DA2056F8D100416A35 /* PlaygroundBluetooth.framework in Embed Frameworks */ = {isa = PBXBuildFile; fileRef = 5EA2E3D82056F88700416A35 /* PlaygroundBluetooth.framework */; settings = {ATTRIBUTES = (CodeSignOnCopy, RemoveHeadersOnCopy, ); }; };
		5EA2E3DB2056F8D100416A35 /* PlaygroundSupport.framework in Embed Frameworks */ = {isa = PBXBuildFile; fileRef = 5EA2E3D72056F88700416A35 /* PlaygroundSupport.framework */; settings = {ATTRIBUTES = (CodeSignOnCopy, RemoveHeadersOnCopy, ); }; };
		5EBEC2F0205B399300975D3F /* LiveViewHost.framework in Embed Frameworks */ = {isa = PBXBuildFile; fileRef = 5EBEC2EF205B396500975D3F /* LiveViewHost.framework */; settings = {ATTRIBUTES = (CodeSignOnCopy, RemoveHeadersOnCopy, ); }; };
		5EF2F9B72054E6FB00191409 /* Chapters in Copy Book Contents */ = {isa = PBXBuildFile; fileRef = 5EF2F9B62054E6F900191409 /* Chapters */; };
		5EF2F9B82054E6FE00191409 /* Sources in Copy Book Contents */ = {isa = PBXBuildFile; fileRef = 5EF2F9A52054BBB200191409 /* Sources */; };
/* End PBXBuildFile section */

/* Begin PBXBuildRule section */
		5E086DD42051E415004D8D25 /* PBXBuildRule */ = {
			isa = PBXBuildRule;
			compilerSpec = com.apple.compilers.proxy.script;
			filePatterns = "*/Manifest.plist";
			fileType = pattern.proxy;
			isEditable = 1;
			outputFiles = (
				"$(DERIVED_FILE_DIR)/$(INPUT_FILE_NAME)",
			);
			script = "mkdir -p \"${DERIVED_FILE_DIR}\"\n\n\"${PROJECT_DIR}\"/SupportingContent/Tools/expandBuildSettingReferences --output \"${SCRIPT_OUTPUT_FILE_0}\" --use-environment \"${SCRIPT_INPUT_FILE}\"\n";
		};
/* End PBXBuildRule section */

/* Begin PBXContainerItemProxy section */
		375CEF002250C146000B2AA4 /* PBXContainerItemProxy */ = {
			isa = PBXContainerItemProxy;
			containerPortal = 5E2A7ADD204F611300F4E17A /* Project object */;
			proxyType = 1;
			remoteGlobalIDString = 5E086DBF2051C5A7004D8D25;
			remoteInfo = PlaygroundBook;
		};
		5EA2E3CF2056F36100416A35 /* PBXContainerItemProxy */ = {
			isa = PBXContainerItemProxy;
			containerPortal = 5E2A7ADD204F611300F4E17A /* Project object */;
			proxyType = 1;
			remoteGlobalIDString = 5E086DBF2051C5A7004D8D25;
			remoteInfo = PlaygroundBook;
		};
		5EA2E3D12056F36300416A35 /* PBXContainerItemProxy */ = {
			isa = PBXContainerItemProxy;
			containerPortal = 5E2A7ADD204F611300F4E17A /* Project object */;
			proxyType = 1;
			remoteGlobalIDString = 5EF2F9AA2054BBF300191409;
			remoteInfo = Book_Sources;
		};
		5EF2F9B42054BDD100191409 /* PBXContainerItemProxy */ = {
			isa = PBXContainerItemProxy;
			containerPortal = 5E2A7ADD204F611300F4E17A /* Project object */;
			proxyType = 1;
			remoteGlobalIDString = 5EF2F9AA2054BBF300191409;
			remoteInfo = Book_Sources;
		};
/* End PBXContainerItemProxy section */

/* Begin PBXCopyFilesBuildPhase section */
		5E086DD22051E35D004D8D25 /* Copy Book Contents */ = {
			isa = PBXCopyFilesBuildPhase;
			buildActionMask = 2147483647;
			dstPath = "$(CONTENTS_FOLDER_PATH)";
			dstSubfolderSpec = 16;
			files = (
				5E086DD32051E3A3004D8D25 /* Manifest.plist in Copy Book Contents */,
				5EF2F9B72054E6FB00191409 /* Chapters in Copy Book Contents */,
				5EF2F9B82054E6FE00191409 /* Sources in Copy Book Contents */,
			);
			name = "Copy Book Contents";
			runOnlyForDeploymentPostprocessing = 0;
		};
		5EA2E3D92056F8BD00416A35 /* Embed Frameworks */ = {
			isa = PBXCopyFilesBuildPhase;
			buildActionMask = 2147483647;
			dstPath = "";
			dstSubfolderSpec = 10;
			files = (
				5EBEC2F0205B399300975D3F /* LiveViewHost.framework in Embed Frameworks */,
				5EA2E3DA2056F8D100416A35 /* PlaygroundBluetooth.framework in Embed Frameworks */,
				5EA2E3DB2056F8D100416A35 /* PlaygroundSupport.framework in Embed Frameworks */,
			);
			name = "Embed Frameworks";
			runOnlyForDeploymentPostprocessing = 0;
		};
/* End PBXCopyFilesBuildPhase section */

/* Begin PBXFileReference section */
		02348238225BD5E8000B09D4 /* BookIcon.png */ = {isa = PBXFileReference; lastKnownFileType = image.png; name = BookIcon.png; path = "../../../../../../Downloads/Parrot Template.playgroundbook/Contents/PrivateResources/BookIcon.png"; sourceTree = "<group>"; };
		02D07FCC225D448C00D974CE /* en.lproj */ = {isa = PBXFileReference; lastKnownFileType = folder; name = en.lproj; path = "../../../../../../Downloads/Parrot Template 2.playgroundbook/Contents/PrivateResources/en.lproj"; sourceTree = "<group>"; };
		02D07FCD225D448C00D974CE /* ja.lproj */ = {isa = PBXFileReference; lastKnownFileType = folder; path = ja.lproj; sourceTree = "<group>"; };
		02D07FCE225D448C00D974CE /* es_419.lproj */ = {isa = PBXFileReference; lastKnownFileType = folder; path = es_419.lproj; sourceTree = "<group>"; };
		02D07FCF225D448C00D974CE /* nl.lproj */ = {isa = PBXFileReference; lastKnownFileType = folder; path = nl.lproj; sourceTree = "<group>"; };
		02D07FD0225D448D00D974CE /* th.lproj */ = {isa = PBXFileReference; lastKnownFileType = folder; path = th.lproj; sourceTree = "<group>"; };
		02D07FD1225D448D00D974CE /* sv.lproj */ = {isa = PBXFileReference; lastKnownFileType = folder; path = sv.lproj; sourceTree = "<group>"; };
		02D07FD2225D448D00D974CE /* it.lproj */ = {isa = PBXFileReference; lastKnownFileType = folder; path = it.lproj; sourceTree = "<group>"; };
		02D07FD3225D448D00D974CE /* ko.lproj */ = {isa = PBXFileReference; lastKnownFileType = folder; path = ko.lproj; sourceTree = "<group>"; };
		02D07FD4225D448D00D974CE /* es.lproj */ = {isa = PBXFileReference; lastKnownFileType = folder; path = es.lproj; sourceTree = "<group>"; };
		02D07FD5225D448D00D974CE /* fr.lproj */ = {isa = PBXFileReference; lastKnownFileType = folder; path = fr.lproj; sourceTree = "<group>"; };
		02D07FD6225D448D00D974CE /* pt.lproj */ = {isa = PBXFileReference; lastKnownFileType = folder; path = pt.lproj; sourceTree = "<group>"; };
		02D07FD7225D448D00D974CE /* zh_CN.lproj */ = {isa = PBXFileReference; lastKnownFileType = folder; path = zh_CN.lproj; sourceTree = "<group>"; };
		02D07FD8225D448D00D974CE /* zh_TW.lproj */ = {isa = PBXFileReference; lastKnownFileType = folder; path = zh_TW.lproj; sourceTree = "<group>"; };
		02D07FD9225D448E00D974CE /* de.lproj */ = {isa = PBXFileReference; lastKnownFileType = folder; path = de.lproj; sourceTree = "<group>"; };
		02D07FDA225D448E00D974CE /* tr.lproj */ = {isa = PBXFileReference; lastKnownFileType = folder; path = tr.lproj; sourceTree = "<group>"; };
		3749C4732250B25A00E9DACD /* Assets.xcassets */ = {isa = PBXFileReference; lastKnownFileType = folder.assetcatalog; path = Assets.xcassets; sourceTree = "<group>"; };
		3749C4762250B26600E9DACD /* Base */ = {isa = PBXFileReference; lastKnownFileType = file.storyboard; name = Base; path = Base.lproj/Main.storyboard; sourceTree = "<group>"; };
		374E0F1E224F57DE00E1D0F3 /* Api.swift */ = {isa = PBXFileReference; fileEncoding = 4; lastKnownFileType = sourcecode.swift; path = Api.swift; sourceTree = "<group>"; };
		374E0F1F224F57EE00E1D0F3 /* DroneViewProxy.swift */ = {isa = PBXFileReference; fileEncoding = 4; lastKnownFileType = sourcecode.swift; path = DroneViewProxy.swift; sourceTree = "<group>"; };
		374E0F20224F57EE00E1D0F3 /* FlyingState.swift */ = {isa = PBXFileReference; fileEncoding = 4; lastKnownFileType = sourcecode.swift; path = FlyingState.swift; sourceTree = "<group>"; };
		374E0F21224F57EE00E1D0F3 /* Grabber.swift */ = {isa = PBXFileReference; fileEncoding = 4; lastKnownFileType = sourcecode.swift; path = Grabber.swift; sourceTree = "<group>"; };
		374E0F22224F57EE00E1D0F3 /* TurnDirection.swift */ = {isa = PBXFileReference; fileEncoding = 4; lastKnownFileType = sourcecode.swift; path = TurnDirection.swift; sourceTree = "<group>"; };
		374E0F23224F57EE00E1D0F3 /* DroneViewControllerBase.swift */ = {isa = PBXFileReference; fileEncoding = 4; lastKnownFileType = sourcecode.swift; path = DroneViewControllerBase.swift; sourceTree = "<group>"; };
		374E0F24224F57EE00E1D0F3 /* Lights.swift */ = {isa = PBXFileReference; fileEncoding = 4; lastKnownFileType = sourcecode.swift; path = Lights.swift; sourceTree = "<group>"; };
		374E0F25224F57EE00E1D0F3 /* Canon.swift */ = {isa = PBXFileReference; fileEncoding = 4; lastKnownFileType = sourcecode.swift; path = Canon.swift; sourceTree = "<group>"; };
		374E0F26224F57EE00E1D0F3 /* Assessor.swift */ = {isa = PBXFileReference; fileEncoding = 4; lastKnownFileType = sourcecode.swift; path = Assessor.swift; sourceTree = "<group>"; };
		374E0F27224F57EE00E1D0F3 /* DroneProtocol.swift */ = {isa = PBXFileReference; fileEncoding = 4; lastKnownFileType = sourcecode.swift; path = DroneProtocol.swift; sourceTree = "<group>"; };
		374E0F28224F57EE00E1D0F3 /* MotionTracker.swift */ = {isa = PBXFileReference; fileEncoding = 4; lastKnownFileType = sourcecode.swift; path = MotionTracker.swift; sourceTree = "<group>"; };
		374E0F29224F57EE00E1D0F3 /* FlipDirection.swift */ = {isa = PBXFileReference; fileEncoding = 4; lastKnownFileType = sourcecode.swift; path = FlipDirection.swift; sourceTree = "<group>"; };
		374E0F2A224F57EE00E1D0F3 /* MainViewController.swift */ = {isa = PBXFileReference; fileEncoding = 4; lastKnownFileType = sourcecode.swift; path = MainViewController.swift; sourceTree = "<group>"; };
		374E0F2B224F57EF00E1D0F3 /* MoveDirection.swift */ = {isa = PBXFileReference; fileEncoding = 4; lastKnownFileType = sourcecode.swift; path = MoveDirection.swift; sourceTree = "<group>"; };
		374E0F2C224F57EF00E1D0F3 /* DroneController.swift */ = {isa = PBXFileReference; fileEncoding = 4; lastKnownFileType = sourcecode.swift; path = DroneController.swift; sourceTree = "<group>"; };
		374E0F2D224F57EF00E1D0F3 /* DroneBle.swift */ = {isa = PBXFileReference; fileEncoding = 4; lastKnownFileType = sourcecode.swift; path = DroneBle.swift; sourceTree = "<group>"; };
		374E0F2E224F57EF00E1D0F3 /* DataStorage.swift */ = {isa = PBXFileReference; fileEncoding = 4; lastKnownFileType = sourcecode.swift; path = DataStorage.swift; sourceTree = "<group>"; };
		374E0F2F224F57EF00E1D0F3 /* MotionDetector.swift */ = {isa = PBXFileReference; fileEncoding = 4; lastKnownFileType = sourcecode.swift; path = MotionDetector.swift; sourceTree = "<group>"; };
		374E0F30224F57EF00E1D0F3 /* MoveParams.swift */ = {isa = PBXFileReference; fileEncoding = 4; lastKnownFileType = sourcecode.swift; path = MoveParams.swift; sourceTree = "<group>"; };
		374E0F31224F57EF00E1D0F3 /* Drone.swift */ = {isa = PBXFileReference; fileEncoding = 4; lastKnownFileType = sourcecode.swift; path = Drone.swift; sourceTree = "<group>"; };
		5E086DC02051C5A7004D8D25 /* Parrot Education Template.playgroundbook */ = {isa = PBXFileReference; explicitFileType = wrapper.cfbundle; includeInIndex = 0; path = "Parrot Education Template.playgroundbook"; sourceTree = BUILT_PRODUCTS_DIR; };
		5E086DC72051DD03004D8D25 /* BookOverridingBuildSettings.xcconfig */ = {isa = PBXFileReference; lastKnownFileType = text.xcconfig; path = BookOverridingBuildSettings.xcconfig; sourceTree = "<group>"; };
		5E086DCF2051DF0F004D8D25 /* Manifest.plist */ = {isa = PBXFileReference; lastKnownFileType = text.plist.xml; path = Manifest.plist; sourceTree = "<group>"; };
		5E0E37522065981C008FA4BE /* BuildSettings.xcconfig */ = {isa = PBXFileReference; lastKnownFileType = text.xcconfig; path = BuildSettings.xcconfig; sourceTree = "<group>"; };
		5E0E37542065A065008FA4BE /* README.md */ = {isa = PBXFileReference; lastKnownFileType = net.daringfireball.markdown; path = README.md; sourceTree = "<group>"; };
		5E1004BE208E7F6E00BCFE70 /* LICENSE.txt */ = {isa = PBXFileReference; lastKnownFileType = text; path = LICENSE.txt; sourceTree = "<group>"; };
		5E2A7AE6204F630600F4E17A /* BaseBuildSettings.xcconfig */ = {isa = PBXFileReference; lastKnownFileType = text.xcconfig; path = BaseBuildSettings.xcconfig; sourceTree = "<group>"; };
		5EA2E3BD2056F35A00416A35 /* LiveViewTestApp.app */ = {isa = PBXFileReference; explicitFileType = wrapper.application; includeInIndex = 0; path = LiveViewTestApp.app; sourceTree = BUILT_PRODUCTS_DIR; };
		5EA2E3BF2056F35A00416A35 /* AppDelegate.swift */ = {isa = PBXFileReference; lastKnownFileType = sourcecode.swift; path = AppDelegate.swift; sourceTree = "<group>"; };
		5EA2E3C92056F35B00416A35 /* Base */ = {isa = PBXFileReference; lastKnownFileType = file.storyboard; name = Base; path = Base.lproj/LiveViewTestAppLaunchScreen.storyboard; sourceTree = "<group>"; };
		5EA2E3CB2056F35B00416A35 /* Info.plist */ = {isa = PBXFileReference; lastKnownFileType = text.plist.xml; path = Info.plist; sourceTree = "<group>"; };
		5EA2E3D72056F88700416A35 /* PlaygroundSupport.framework */ = {isa = PBXFileReference; lastKnownFileType = wrapper.framework; path = PlaygroundSupport.framework; sourceTree = PLAYGROUNDS_FRAMEWORKS_DIR; };
		5EA2E3D82056F88700416A35 /* PlaygroundBluetooth.framework */ = {isa = PBXFileReference; lastKnownFileType = wrapper.framework; path = PlaygroundBluetooth.framework; sourceTree = PLAYGROUNDS_FRAMEWORKS_DIR; };
		5EBEC2EF205B396500975D3F /* LiveViewHost.framework */ = {isa = PBXFileReference; lastKnownFileType = wrapper.framework; path = LiveViewHost.framework; sourceTree = OTHER_FRAMEWORKS_DIR; };
		5EF2F9A52054BBB200191409 /* Sources */ = {isa = PBXFileReference; lastKnownFileType = folder; path = Sources; sourceTree = "<group>"; };
		5EF2F9AB2054BBF300191409 /* libBook_Sources.a */ = {isa = PBXFileReference; explicitFileType = archive.ar; includeInIndex = 0; path = libBook_Sources.a; sourceTree = BUILT_PRODUCTS_DIR; };
		5EF2F9B62054E6F900191409 /* Chapters */ = {isa = PBXFileReference; lastKnownFileType = folder; path = Chapters; sourceTree = "<group>"; };
/* End PBXFileReference section */

/* Begin PBXFrameworksBuildPhase section */
		5EA2E3BA2056F35A00416A35 /* Frameworks */ = {
			isa = PBXFrameworksBuildPhase;
			buildActionMask = 2147483647;
			files = (
				5EA2E3D42056F36800416A35 /* libBook_Sources.a in Frameworks */,
			);
			runOnlyForDeploymentPostprocessing = 0;
		};
		5EF2F9A82054BBF300191409 /* Frameworks */ = {
			isa = PBXFrameworksBuildPhase;
			buildActionMask = 2147483647;
			files = (
			);
			runOnlyForDeploymentPostprocessing = 0;
		};
/* End PBXFrameworksBuildPhase section */

/* Begin PBXGroup section */
		5E086DA4204F706E004D8D25 /* Products */ = {
			isa = PBXGroup;
			children = (
				5E086DC02051C5A7004D8D25 /* Parrot Education Template.playgroundbook */,
				5EF2F9AB2054BBF300191409 /* libBook_Sources.a */,
				5EA2E3BD2056F35A00416A35 /* LiveViewTestApp.app */,
			);
			name = Products;
			sourceTree = "<group>";
		};
		5E086DC12051C5A7004D8D25 /* PlaygroundBook */ = {
			isa = PBXGroup;
			children = (
				5E086DCF2051DF0F004D8D25 /* Manifest.plist */,
				5EF2F9A22054BB3E00191409 /* Sources */,
				5EF2F9792054B64800191409 /* PrivateResources */,
				5EF2F9B62054E6F900191409 /* Chapters */,
				5EF2F9A42054BB9500191409 /* Supporting Content */,
			);
			path = PlaygroundBook;
			sourceTree = "<group>";
		};
		5E0E3751206597E7008FA4BE /* Base */ = {
			isa = PBXGroup;
			children = (
				5E2A7AE6204F630600F4E17A /* BaseBuildSettings.xcconfig */,
			);
			path = Base;
			sourceTree = "<group>";
		};
		5E0E3753206599A0008FA4BE /* Overrides */ = {
			isa = PBXGroup;
			children = (
				5E086DC72051DD03004D8D25 /* BookOverridingBuildSettings.xcconfig */,
			);
			path = Overrides;
			sourceTree = "<group>";
		};
		5E1004BD208E7F6E00BCFE70 /* LICENSE */ = {
			isa = PBXGroup;
			children = (
				5E1004BE208E7F6E00BCFE70 /* LICENSE.txt */,
			);
			path = LICENSE;
			sourceTree = "<group>";
		};
		5E2A7ADC204F611300F4E17A = {
			isa = PBXGroup;
			children = (
				5E0E37542065A065008FA4BE /* README.md */,
				5E086DC12051C5A7004D8D25 /* PlaygroundBook */,
				5EA2E3BE2056F35A00416A35 /* LiveViewTestApp */,
				5E2A7AE3204F628B00F4E17A /* Config Files */,
				5E1004BD208E7F6E00BCFE70 /* LICENSE */,
				5EA2E3D52056F83400416A35 /* Supporting Content */,
				5E086DA4204F706E004D8D25 /* Products */,
			);
			sourceTree = "<group>";
		};
		5E2A7AE3204F628B00F4E17A /* Config Files */ = {
			isa = PBXGroup;
			children = (
				5E0E37522065981C008FA4BE /* BuildSettings.xcconfig */,
				5E0E3751206597E7008FA4BE /* Base */,
				5E0E3753206599A0008FA4BE /* Overrides */,
			);
			name = "Config Files";
			path = ConfigFiles;
			sourceTree = "<group>";
		};
		5EA2E3BE2056F35A00416A35 /* LiveViewTestApp */ = {
			isa = PBXGroup;
			children = (
				5EA2E3BF2056F35A00416A35 /* AppDelegate.swift */,
				5EA2E3C82056F35B00416A35 /* LiveViewTestAppLaunchScreen.storyboard */,
				5EA2E3CB2056F35B00416A35 /* Info.plist */,
			);
			path = LiveViewTestApp;
			sourceTree = "<group>";
		};
		5EA2E3D52056F83400416A35 /* Supporting Content */ = {
			isa = PBXGroup;
			children = (
				5EA2E3D62056F84000416A35 /* Playgrounds Frameworks */,
				5EBEC2EE205B395200975D3F /* Other Frameworks */,
			);
			name = "Supporting Content";
			sourceTree = "<group>";
		};
		5EA2E3D62056F84000416A35 /* Playgrounds Frameworks */ = {
			isa = PBXGroup;
			children = (
				5EA2E3D82056F88700416A35 /* PlaygroundBluetooth.framework */,
				5EA2E3D72056F88700416A35 /* PlaygroundSupport.framework */,
			);
			name = "Playgrounds Frameworks";
			sourceTree = "<group>";
		};
		5EBEC2EE205B395200975D3F /* Other Frameworks */ = {
			isa = PBXGroup;
			children = (
				5EBEC2EF205B396500975D3F /* LiveViewHost.framework */,
			);
			name = "Other Frameworks";
			sourceTree = "<group>";
		};
		5EF2F9792054B64800191409 /* PrivateResources */ = {
			isa = PBXGroup;
			children = (
				02D07FD9225D448E00D974CE /* de.lproj */,
				02D07FCC225D448C00D974CE /* en.lproj */,
				02D07FCE225D448C00D974CE /* es_419.lproj */,
				02D07FD4225D448D00D974CE /* es.lproj */,
				02D07FD5225D448D00D974CE /* fr.lproj */,
				02D07FD2225D448D00D974CE /* it.lproj */,
				02D07FCD225D448C00D974CE /* ja.lproj */,
				02D07FD3225D448D00D974CE /* ko.lproj */,
				02D07FCF225D448C00D974CE /* nl.lproj */,
				02D07FD6225D448D00D974CE /* pt.lproj */,
				02D07FD1225D448D00D974CE /* sv.lproj */,
				02D07FD0225D448D00D974CE /* th.lproj */,
				02D07FDA225D448E00D974CE /* tr.lproj */,
				02D07FD7225D448D00D974CE /* zh_CN.lproj */,
				02D07FD8225D448D00D974CE /* zh_TW.lproj */,
				02348238225BD5E8000B09D4 /* BookIcon.png */,
				3749C4752250B26600E9DACD /* Main.storyboard */,
				3749C4732250B25A00E9DACD /* Assets.xcassets */,
			);
			path = PrivateResources;
			sourceTree = "<group>";
		};
		5EF2F9A22054BB3E00191409 /* Sources */ = {
			isa = PBXGroup;
			children = (
				374E0F26224F57EE00E1D0F3 /* Assessor.swift */,
				374E0F25224F57EE00E1D0F3 /* Canon.swift */,
				374E0F2E224F57EF00E1D0F3 /* DataStorage.swift */,
				374E0F31224F57EF00E1D0F3 /* Drone.swift */,
				374E0F2D224F57EF00E1D0F3 /* DroneBle.swift */,
				374E0F2C224F57EF00E1D0F3 /* DroneController.swift */,
				374E0F27224F57EE00E1D0F3 /* DroneProtocol.swift */,
				374E0F23224F57EE00E1D0F3 /* DroneViewControllerBase.swift */,
				374E0F1F224F57EE00E1D0F3 /* DroneViewProxy.swift */,
				374E0F29224F57EE00E1D0F3 /* FlipDirection.swift */,
				374E0F20224F57EE00E1D0F3 /* FlyingState.swift */,
				374E0F21224F57EE00E1D0F3 /* Grabber.swift */,
				374E0F24224F57EE00E1D0F3 /* Lights.swift */,
				374E0F2A224F57EE00E1D0F3 /* MainViewController.swift */,
				374E0F2F224F57EF00E1D0F3 /* MotionDetector.swift */,
				374E0F28224F57EE00E1D0F3 /* MotionTracker.swift */,
				374E0F2B224F57EF00E1D0F3 /* MoveDirection.swift */,
				374E0F30224F57EF00E1D0F3 /* MoveParams.swift */,
				374E0F22224F57EE00E1D0F3 /* TurnDirection.swift */,
				374E0F1E224F57DE00E1D0F3 /* Api.swift */,
			);
			path = Sources;
			sourceTree = "<group>";
		};
		5EF2F9A42054BB9500191409 /* Supporting Content */ = {
			isa = PBXGroup;
			children = (
				5EF2F9A52054BBB200191409 /* Sources */,
			);
			name = "Supporting Content";
			sourceTree = "<group>";
		};
/* End PBXGroup section */

/* Begin PBXNativeTarget section */
		5E086DBF2051C5A7004D8D25 /* PlaygroundBook */ = {
			isa = PBXNativeTarget;
			buildConfigurationList = 5E086DC52051C5A7004D8D25 /* Build configuration list for PBXNativeTarget "PlaygroundBook" */;
			buildPhases = (
				5E086DD22051E35D004D8D25 /* Copy Book Contents */,
				5E086DC62051DB17004D8D25 /* Resources */,
			);
			buildRules = (
				5E086DD42051E415004D8D25 /* PBXBuildRule */,
			);
			dependencies = (
				5EF2F9B52054BDD100191409 /* PBXTargetDependency */,
			);
			name = PlaygroundBook;
			productName = PlaygroundBook;
			productReference = 5E086DC02051C5A7004D8D25 /* Parrot Education Template.playgroundbook */;
			productType = "com.apple.product-type.bundle";
		};
		5EA2E3BC2056F35A00416A35 /* LiveViewTestApp */ = {
			isa = PBXNativeTarget;
			buildConfigurationList = 5EA2E3CE2056F35B00416A35 /* Build configuration list for PBXNativeTarget "LiveViewTestApp" */;
			buildPhases = (
				5EA2E3B92056F35A00416A35 /* Sources */,
				5EA2E3BA2056F35A00416A35 /* Frameworks */,
				5EA2E3BB2056F35A00416A35 /* Resources */,
				5EA2E3D92056F8BD00416A35 /* Embed Frameworks */,
				5EA2E3DD2056FB2900416A35 /* Embed Playground Book PublicResources & PrivateResources */,
			);
			buildRules = (
			);
			dependencies = (
				5EA2E3D02056F36100416A35 /* PBXTargetDependency */,
				5EA2E3D22056F36300416A35 /* PBXTargetDependency */,
			);
			name = LiveViewTestApp;
			productName = LiveViewTestApp;
			productReference = 5EA2E3BD2056F35A00416A35 /* LiveViewTestApp.app */;
			productType = "com.apple.product-type.application";
		};
		5EF2F9AA2054BBF300191409 /* Book_Sources */ = {
			isa = PBXNativeTarget;
			buildConfigurationList = 5EF2F9AF2054BBF300191409 /* Build configuration list for PBXNativeTarget "Book_Sources" */;
			buildPhases = (
				5EF2F9A72054BBF300191409 /* Sources */,
				5EF2F9A82054BBF300191409 /* Frameworks */,
			);
			buildRules = (
			);
			dependencies = (
			);
			name = Book_Sources;
			productName = Book_Sources;
			productReference = 5EF2F9AB2054BBF300191409 /* libBook_Sources.a */;
			productType = "com.apple.product-type.library.static";
		};
/* End PBXNativeTarget section */

/* Begin PBXProject section */
		5E2A7ADD204F611300F4E17A /* Project object */ = {
			isa = PBXProject;
			attributes = {
				LastSwiftUpdateCheck = 0930;
				LastUpgradeCheck = 0930;
				TargetAttributes = {
					375CEEFC2250C140000B2AA4 = {
						CreatedOnToolsVersion = 10.1;
					};
					5E086DBF2051C5A7004D8D25 = {
						CreatedOnToolsVersion = 9.3;
						LastSwiftMigration = 1020;
					};
					5EA2E3BC2056F35A00416A35 = {
						CreatedOnToolsVersion = 9.3;
						LastSwiftMigration = 1000;
					};
					5EF2F9AA2054BBF300191409 = {
						CreatedOnToolsVersion = 9.3;
						LastSwiftMigration = 1000;
					};
				};
			};
			buildConfigurationList = 5E2A7AE0204F611300F4E17A /* Build configuration list for PBXProject "ParrotEducationTemplate" */;
			compatibilityVersion = "Xcode 9.3";
			developmentRegion = en;
			hasScannedForEncodings = 0;
			knownRegions = (
				en,
				Base,
			);
			mainGroup = 5E2A7ADC204F611300F4E17A;
			productRefGroup = 5E086DA4204F706E004D8D25 /* Products */;
			projectDirPath = "";
			projectRoot = "";
			targets = (
				5E086DBF2051C5A7004D8D25 /* PlaygroundBook */,
				5EF2F9AA2054BBF300191409 /* Book_Sources */,
				5EA2E3BC2056F35A00416A35 /* LiveViewTestApp */,
				375CEEFC2250C140000B2AA4 /* install in iCloud Drive */,
			);
		};
/* End PBXProject section */

/* Begin PBXResourcesBuildPhase section */
		5E086DC62051DB17004D8D25 /* Resources */ = {
			isa = PBXResourcesBuildPhase;
			buildActionMask = 2147483647;
			files = (
				02D07FDD225D448E00D974CE /* es_419.lproj in Resources */,
				02D07FE1225D448E00D974CE /* it.lproj in Resources */,
				02D07FE6225D448E00D974CE /* zh_CN.lproj in Resources */,
				02348239225BD5E8000B09D4 /* BookIcon.png in Resources */,
				02D07FE3225D448E00D974CE /* es.lproj in Resources */,
				02D07FE7225D448E00D974CE /* zh_TW.lproj in Resources */,
				3749C4742250B25A00E9DACD /* Assets.xcassets in Resources */,
				02D07FDB225D448E00D974CE /* en.lproj in Resources */,
				02D07FDC225D448E00D974CE /* ja.lproj in Resources */,
				02D07FE2225D448E00D974CE /* ko.lproj in Resources */,
				02D07FE9225D448E00D974CE /* tr.lproj in Resources */,
				3749C4772250B26600E9DACD /* Main.storyboard in Resources */,
				02D07FDF225D448E00D974CE /* th.lproj in Resources */,
				02D07FE4225D448E00D974CE /* fr.lproj in Resources */,
				02D07FE0225D448E00D974CE /* sv.lproj in Resources */,
				02D07FE5225D448E00D974CE /* pt.lproj in Resources */,
				02D07FE8225D448E00D974CE /* de.lproj in Resources */,
				02D07FDE225D448E00D974CE /* nl.lproj in Resources */,
			);
			runOnlyForDeploymentPostprocessing = 0;
		};
		5EA2E3BB2056F35A00416A35 /* Resources */ = {
			isa = PBXResourcesBuildPhase;
			buildActionMask = 2147483647;
			files = (
				5EA2E3CA2056F35B00416A35 /* LiveViewTestAppLaunchScreen.storyboard in Resources */,
			);
			runOnlyForDeploymentPostprocessing = 0;
		};
/* End PBXResourcesBuildPhase section */

/* Begin PBXShellScriptBuildPhase section */
		375CEF022250C148000B2AA4 /* ShellScript */ = {
			isa = PBXShellScriptBuildPhase;
			buildActionMask = 2147483647;
			files = (
			);
			inputFileListPaths = (
			);
			inputPaths = (
			);
			outputFileListPaths = (
			);
			outputPaths = (
			);
			runOnlyForDeploymentPostprocessing = 0;
			shellPath = /bin/sh;
			shellScript = "cp -r \"$TARGET_BUILD_DIR/$PLAYGROUND_BOOK_FILE_NAME.playgroundbook\"  ~/Library/Mobile\\ Documents/iCloud\\~com\\~apple\\~Playgrounds/Documents/\n";
			showEnvVarsInLog = 0;
		};
		5EA2E3DD2056FB2900416A35 /* Embed Playground Book PublicResources & PrivateResources */ = {
			isa = PBXShellScriptBuildPhase;
			buildActionMask = 2147483647;
			files = (
			);
			inputPaths = (
				"$(BUILT_PRODUCTS_DIR)/PlaygroundBook.playgroundbook",
			);
			name = "Embed Playground Book PublicResources & PrivateResources";
			outputPaths = (
				"$(DERIVED_FILE_DIR)/embed-resources-marker",
			);
			runOnlyForDeploymentPostprocessing = 0;
			shellPath = /bin/sh;
			shellScript = "PLAYGROUND_BOOK_PATH=\"${BUILT_PRODUCTS_DIR}/${PLAYGROUND_BOOK_FILE_NAME}.playgroundbook\"\nPRIVATERESOURCES_FOLDER_PATH=\"${PLAYGROUND_BOOK_PATH}/Contents/PrivateResources\"\nPUBLICRESOURCES_FOLDER_PATH=\"${PLAYGROUND_BOOK_PATH}/Contents/PublicResources\"\n\nDESTINATION_FOLDER_PATH=\"${TARGET_BUILD_DIR}/${UNLOCALIZED_RESOURCES_FOLDER_PATH}\"\n\nif [[ -d \"${PRIVATERESOURCES_FOLDER_PATH}\" ]]; then\n    ditto \"${PRIVATERESOURCES_FOLDER_PATH}\" \"${DESTINATION_FOLDER_PATH}\"\nfi\n\nif [[ -d \"${PUBLICRESOURCES_FOLDER_PATH}\" ]]; then\n    ditto \"${PUBLICRESOURCES_FOLDER_PATH}\" \"${DESTINATION_FOLDER_PATH}\"\nfi\n\nmkdir -p \"${DERIVED_FILE_DIR}\"\ntouch \"${DERIVED_FILE_DIR}/embed-resources-marker\"";
		};
/* End PBXShellScriptBuildPhase section */

/* Begin PBXSourcesBuildPhase section */
		5EA2E3B92056F35A00416A35 /* Sources */ = {
			isa = PBXSourcesBuildPhase;
			buildActionMask = 2147483647;
			files = (
				5EA2E3C02056F35A00416A35 /* AppDelegate.swift in Sources */,
			);
			runOnlyForDeploymentPostprocessing = 0;
		};
		5EF2F9A72054BBF300191409 /* Sources */ = {
			isa = PBXSourcesBuildPhase;
			buildActionMask = 2147483647;
			files = (
				3749C462224F737F00E9DACD /* Drone.swift in Sources */,
				3749C463224F737F00E9DACD /* DroneBle.swift in Sources */,
				3749C470224F737F00E9DACD /* MoveParams.swift in Sources */,
				3749C465224F737F00E9DACD /* DroneProtocol.swift in Sources */,
				3749C469224F737F00E9DACD /* FlyingState.swift in Sources */,
				3749C460224F737F00E9DACD /* Canon.swift in Sources */,
				3749C464224F737F00E9DACD /* DroneController.swift in Sources */,
				3749C46C224F737F00E9DACD /* MainViewController.swift in Sources */,
				3749C46E224F737F00E9DACD /* MotionTracker.swift in Sources */,
				3749C468224F737F00E9DACD /* FlipDirection.swift in Sources */,
				3749C466224F737F00E9DACD /* DroneViewControllerBase.swift in Sources */,
				3749C467224F737F00E9DACD /* DroneViewProxy.swift in Sources */,
				3749C46D224F737F00E9DACD /* MotionDetector.swift in Sources */,
				3749C461224F737F00E9DACD /* DataStorage.swift in Sources */,
				3749C472224F737F00E9DACD /* Api.swift in Sources */,
				3749C46F224F737F00E9DACD /* MoveDirection.swift in Sources */,
				3749C46B224F737F00E9DACD /* Lights.swift in Sources */,
				3749C471224F737F00E9DACD /* TurnDirection.swift in Sources */,
				3749C45F224F737F00E9DACD /* Assessor.swift in Sources */,
				3749C46A224F737F00E9DACD /* Grabber.swift in Sources */,
			);
			runOnlyForDeploymentPostprocessing = 0;
		};
/* End PBXSourcesBuildPhase section */

/* Begin PBXTargetDependency section */
		375CEF012250C146000B2AA4 /* PBXTargetDependency */ = {
			isa = PBXTargetDependency;
			target = 5E086DBF2051C5A7004D8D25 /* PlaygroundBook */;
			targetProxy = 375CEF002250C146000B2AA4 /* PBXContainerItemProxy */;
		};
		5EA2E3D02056F36100416A35 /* PBXTargetDependency */ = {
			isa = PBXTargetDependency;
			target = 5E086DBF2051C5A7004D8D25 /* PlaygroundBook */;
			targetProxy = 5EA2E3CF2056F36100416A35 /* PBXContainerItemProxy */;
		};
		5EA2E3D22056F36300416A35 /* PBXTargetDependency */ = {
			isa = PBXTargetDependency;
			target = 5EF2F9AA2054BBF300191409 /* Book_Sources */;
			targetProxy = 5EA2E3D12056F36300416A35 /* PBXContainerItemProxy */;
		};
		5EF2F9B52054BDD100191409 /* PBXTargetDependency */ = {
			isa = PBXTargetDependency;
			target = 5EF2F9AA2054BBF300191409 /* Book_Sources */;
			targetProxy = 5EF2F9B42054BDD100191409 /* PBXContainerItemProxy */;
		};
/* End PBXTargetDependency section */

/* Begin PBXVariantGroup section */
		3749C4752250B26600E9DACD /* Main.storyboard */ = {
			isa = PBXVariantGroup;
			children = (
				3749C4762250B26600E9DACD /* Base */,
			);
			name = Main.storyboard;
			sourceTree = "<group>";
		};
		5EA2E3C82056F35B00416A35 /* LiveViewTestAppLaunchScreen.storyboard */ = {
			isa = PBXVariantGroup;
			children = (
				5EA2E3C92056F35B00416A35 /* Base */,
			);
			name = LiveViewTestAppLaunchScreen.storyboard;
			sourceTree = "<group>";
		};
/* End PBXVariantGroup section */

/* Begin XCBuildConfiguration section */
		375CEEFE2250C140000B2AA4 /* Debug */ = {
			isa = XCBuildConfiguration;
			buildSettings = {
				CODE_SIGN_STYLE = Automatic;
				DEVELOPMENT_TEAM = VHY4A2RUV8;
				PRODUCT_NAME = "$(TARGET_NAME)";
			};
			name = Debug;
		};
		375CEEFF2250C140000B2AA4 /* Release */ = {
			isa = XCBuildConfiguration;
			buildSettings = {
				CODE_SIGN_STYLE = Automatic;
				DEVELOPMENT_TEAM = VHY4A2RUV8;
				PRODUCT_NAME = "$(TARGET_NAME)";
			};
			name = Release;
		};
		5E086DC32051C5A7004D8D25 /* Debug */ = {
			isa = XCBuildConfiguration;
			baseConfigurationReference = 5E086DC72051DD03004D8D25 /* BookOverridingBuildSettings.xcconfig */;
			buildSettings = {
				CLANG_ENABLE_MODULES = YES;
				COMBINE_HIDPI_IMAGES = YES;
				CURRENT_PROJECT_VERSION = 1.0;
				GCC_DYNAMIC_NO_PIC = NO;
				INSTALL_PATH = /;
				LD_RUNPATH_SEARCH_PATHS = (
					"$(inherited)",
					"@executable_path/Frameworks",
					"@loader_path/Frameworks",
				);
				PRODUCT_BUNDLE_IDENTIFIER = "$(PLAYGROUND_BOOK_CONTENT_IDENTIFIER)";
				PRODUCT_NAME = "$(PLAYGROUND_BOOK_FILE_NAME)";
				SKIP_INSTALL = NO;
				SWIFT_OPTIMIZATION_LEVEL = "-Onone";
			};
			name = Debug;
		};
		5E086DC42051C5A7004D8D25 /* Release */ = {
			isa = XCBuildConfiguration;
			baseConfigurationReference = 5E086DC72051DD03004D8D25 /* BookOverridingBuildSettings.xcconfig */;
			buildSettings = {
				CLANG_ENABLE_MODULES = YES;
				COMBINE_HIDPI_IMAGES = YES;
				CURRENT_PROJECT_VERSION = 1.0;
				INSTALL_PATH = /;
				LD_RUNPATH_SEARCH_PATHS = (
					"$(inherited)",
					"@executable_path/Frameworks",
					"@loader_path/Frameworks",
				);
				PRODUCT_BUNDLE_IDENTIFIER = "$(PLAYGROUND_BOOK_CONTENT_IDENTIFIER)";
				PRODUCT_NAME = "$(PLAYGROUND_BOOK_FILE_NAME)";
				SKIP_INSTALL = NO;
			};
			name = Release;
		};
		5E2A7AE1204F611300F4E17A /* Debug */ = {
			isa = XCBuildConfiguration;
			baseConfigurationReference = 5E0E37522065981C008FA4BE /* BuildSettings.xcconfig */;
			buildSettings = {
				ALWAYS_SEARCH_USER_PATHS = NO;
				CLANG_ANALYZER_NONNULL = YES;
				CLANG_ANALYZER_NUMBER_OBJECT_CONVERSION = YES_AGGRESSIVE;
				CLANG_CXX_LANGUAGE_STANDARD = "gnu++14";
				CLANG_CXX_LIBRARY = "libc++";
				CLANG_ENABLE_MODULES = YES;
				CLANG_ENABLE_OBJC_ARC = YES;
				CLANG_ENABLE_OBJC_WEAK = YES;
				CLANG_WARN_BLOCK_CAPTURE_AUTORELEASING = YES;
				CLANG_WARN_BOOL_CONVERSION = YES;
				CLANG_WARN_COMMA = YES;
				CLANG_WARN_CONSTANT_CONVERSION = YES;
				CLANG_WARN_DEPRECATED_OBJC_IMPLEMENTATIONS = YES;
				CLANG_WARN_DIRECT_OBJC_ISA_USAGE = YES_ERROR;
				CLANG_WARN_DOCUMENTATION_COMMENTS = YES;
				CLANG_WARN_EMPTY_BODY = YES;
				CLANG_WARN_ENUM_CONVERSION = YES;
				CLANG_WARN_INFINITE_RECURSION = YES;
				CLANG_WARN_INT_CONVERSION = YES;
				CLANG_WARN_NON_LITERAL_NULL_CONVERSION = YES;
				CLANG_WARN_OBJC_IMPLICIT_RETAIN_SELF = YES;
				CLANG_WARN_OBJC_LITERAL_CONVERSION = YES;
				CLANG_WARN_OBJC_ROOT_CLASS = YES_ERROR;
				CLANG_WARN_RANGE_LOOP_ANALYSIS = YES;
				CLANG_WARN_STRICT_PROTOTYPES = YES;
				CLANG_WARN_SUSPICIOUS_MOVE = YES;
				CLANG_WARN_UNGUARDED_AVAILABILITY = YES_AGGRESSIVE;
				CLANG_WARN_UNREACHABLE_CODE = YES;
				CLANG_WARN__DUPLICATE_METHOD_MATCH = YES;
				COPY_PHASE_STRIP = NO;
				DEBUG_INFORMATION_FORMAT = dwarf;
				ENABLE_STRICT_OBJC_MSGSEND = YES;
				ENABLE_TESTABILITY = YES;
				GCC_C_LANGUAGE_STANDARD = gnu11;
				GCC_NO_COMMON_BLOCKS = YES;
				GCC_OPTIMIZATION_LEVEL = 0;
				GCC_PREPROCESSOR_DEFINITIONS = (
					"DEBUG=1",
					"$(inherited)",
				);
				GCC_WARN_64_TO_32_BIT_CONVERSION = YES;
				GCC_WARN_ABOUT_RETURN_TYPE = YES_ERROR;
				GCC_WARN_UNDECLARED_SELECTOR = YES;
				GCC_WARN_UNINITIALIZED_AUTOS = YES_AGGRESSIVE;
				GCC_WARN_UNUSED_FUNCTION = YES;
				GCC_WARN_UNUSED_VARIABLE = YES;
				IPHONEOS_DEPLOYMENT_TARGET = 10.3;
				MTL_ENABLE_DEBUG_INFO = YES;
				ONLY_ACTIVE_ARCH = YES;
				SDKROOT = iphoneos;
				SWIFT_ACTIVE_COMPILATION_CONDITIONS = "$(inherited) DEBUG";
				SWIFT_OPTIMIZATION_LEVEL = "-Onone";
				SWIFT_VERSION = 4.2;
			};
			name = Debug;
		};
		5E2A7AE2204F611300F4E17A /* Release */ = {
			isa = XCBuildConfiguration;
			baseConfigurationReference = 5E0E37522065981C008FA4BE /* BuildSettings.xcconfig */;
			buildSettings = {
				ALWAYS_SEARCH_USER_PATHS = NO;
				CLANG_ANALYZER_NONNULL = YES;
				CLANG_ANALYZER_NUMBER_OBJECT_CONVERSION = YES_AGGRESSIVE;
				CLANG_CXX_LANGUAGE_STANDARD = "gnu++14";
				CLANG_CXX_LIBRARY = "libc++";
				CLANG_ENABLE_MODULES = YES;
				CLANG_ENABLE_OBJC_ARC = YES;
				CLANG_ENABLE_OBJC_WEAK = YES;
				CLANG_WARN_BLOCK_CAPTURE_AUTORELEASING = YES;
				CLANG_WARN_BOOL_CONVERSION = YES;
				CLANG_WARN_COMMA = YES;
				CLANG_WARN_CONSTANT_CONVERSION = YES;
				CLANG_WARN_DEPRECATED_OBJC_IMPLEMENTATIONS = YES;
				CLANG_WARN_DIRECT_OBJC_ISA_USAGE = YES_ERROR;
				CLANG_WARN_DOCUMENTATION_COMMENTS = YES;
				CLANG_WARN_EMPTY_BODY = YES;
				CLANG_WARN_ENUM_CONVERSION = YES;
				CLANG_WARN_INFINITE_RECURSION = YES;
				CLANG_WARN_INT_CONVERSION = YES;
				CLANG_WARN_NON_LITERAL_NULL_CONVERSION = YES;
				CLANG_WARN_OBJC_IMPLICIT_RETAIN_SELF = YES;
				CLANG_WARN_OBJC_LITERAL_CONVERSION = YES;
				CLANG_WARN_OBJC_ROOT_CLASS = YES_ERROR;
				CLANG_WARN_RANGE_LOOP_ANALYSIS = YES;
				CLANG_WARN_STRICT_PROTOTYPES = YES;
				CLANG_WARN_SUSPICIOUS_MOVE = YES;
				CLANG_WARN_UNGUARDED_AVAILABILITY = YES_AGGRESSIVE;
				CLANG_WARN_UNREACHABLE_CODE = YES;
				CLANG_WARN__DUPLICATE_METHOD_MATCH = YES;
				COPY_PHASE_STRIP = NO;
				DEBUG_INFORMATION_FORMAT = "dwarf-with-dsym";
				ENABLE_NS_ASSERTIONS = NO;
				ENABLE_STRICT_OBJC_MSGSEND = YES;
				GCC_C_LANGUAGE_STANDARD = gnu11;
				GCC_NO_COMMON_BLOCKS = YES;
				GCC_WARN_64_TO_32_BIT_CONVERSION = YES;
				GCC_WARN_ABOUT_RETURN_TYPE = YES_ERROR;
				GCC_WARN_UNDECLARED_SELECTOR = YES;
				GCC_WARN_UNINITIALIZED_AUTOS = YES_AGGRESSIVE;
				GCC_WARN_UNUSED_FUNCTION = YES;
				GCC_WARN_UNUSED_VARIABLE = YES;
				IPHONEOS_DEPLOYMENT_TARGET = 10.3;
				MTL_ENABLE_DEBUG_INFO = NO;
				SDKROOT = iphoneos;
				SWIFT_COMPILATION_MODE = wholemodule;
				SWIFT_OPTIMIZATION_LEVEL = "-O";
				SWIFT_VERSION = 4.2;
			};
			name = Release;
		};
		5EA2E3CC2056F35B00416A35 /* Debug */ = {
			isa = XCBuildConfiguration;
			buildSettings = {
				ALWAYS_EMBED_SWIFT_STANDARD_LIBRARIES = YES;
				CODE_SIGN_IDENTITY = "iPhone Developer";
				CODE_SIGN_STYLE = Automatic;
				DEVELOPMENT_TEAM = "";
				GCC_DYNAMIC_NO_PIC = NO;
				INFOPLIST_FILE = LiveViewTestApp/Info.plist;
				LD_RUNPATH_SEARCH_PATHS = (
					"$(inherited)",
					"@executable_path/Frameworks",
				);
				OTHER_LDFLAGS = "-all_load";
				PRODUCT_BUNDLE_IDENTIFIER = com.example.LiveViewTestApp;
				PRODUCT_NAME = "$(TARGET_NAME)";
				SWIFT_ACTIVE_COMPILATION_CONDITIONS = DEBUG;
				SYSTEM_FRAMEWORK_SEARCH_PATHS = (
					"\"$(OTHER_FRAMEWORKS_DIR)\"",
					"$(inherited)",
				);
			};
			name = Debug;
		};
		5EA2E3CD2056F35B00416A35 /* Release */ = {
			isa = XCBuildConfiguration;
			buildSettings = {
				ALWAYS_EMBED_SWIFT_STANDARD_LIBRARIES = YES;
				CODE_SIGN_IDENTITY = "iPhone Developer";
				CODE_SIGN_STYLE = Automatic;
				DEVELOPMENT_TEAM = "";
				INFOPLIST_FILE = LiveViewTestApp/Info.plist;
				LD_RUNPATH_SEARCH_PATHS = (
					"$(inherited)",
					"@executable_path/Frameworks",
				);
				OTHER_LDFLAGS = "-all_load";
				PRODUCT_BUNDLE_IDENTIFIER = com.example.LiveViewTestApp;
				PRODUCT_NAME = "$(TARGET_NAME)";
				SYSTEM_FRAMEWORK_SEARCH_PATHS = (
					"\"$(OTHER_FRAMEWORKS_DIR)\"",
					"$(inherited)",
				);
				VALIDATE_PRODUCT = YES;
			};
			name = Release;
		};
		5EF2F9B02054BBF300191409 /* Debug */ = {
			isa = XCBuildConfiguration;
			buildSettings = {
				CODE_SIGN_IDENTITY = "";
				CODE_SIGN_STYLE = Manual;
				GCC_DYNAMIC_NO_PIC = NO;
				OTHER_LDFLAGS = "-ObjC";
				PRODUCT_NAME = "$(TARGET_NAME)";
				SKIP_INSTALL = YES;
				SWIFT_OBJC_INTERFACE_HEADER_NAME = "";
			};
			name = Debug;
		};
		5EF2F9B12054BBF300191409 /* Release */ = {
			isa = XCBuildConfiguration;
			buildSettings = {
				CODE_SIGN_IDENTITY = "";
				CODE_SIGN_STYLE = Manual;
				OTHER_LDFLAGS = "-ObjC";
				PRODUCT_NAME = "$(TARGET_NAME)";
				SKIP_INSTALL = YES;
				SWIFT_OBJC_INTERFACE_HEADER_NAME = "";
				VALIDATE_PRODUCT = YES;
			};
			name = Release;
		};
/* End XCBuildConfiguration section */

/* Begin XCConfigurationList section */
		375CEEFD2250C140000B2AA4 /* Build configuration list for PBXAggregateTarget "install in iCloud Drive" */ = {
			isa = XCConfigurationList;
			buildConfigurations = (
				375CEEFE2250C140000B2AA4 /* Debug */,
				375CEEFF2250C140000B2AA4 /* Release */,
			);
			defaultConfigurationIsVisible = 0;
			defaultConfigurationName = Release;
		};
		5E086DC52051C5A7004D8D25 /* Build configuration list for PBXNativeTarget "PlaygroundBook" */ = {
			isa = XCConfigurationList;
			buildConfigurations = (
				5E086DC32051C5A7004D8D25 /* Debug */,
				5E086DC42051C5A7004D8D25 /* Release */,
			);
			defaultConfigurationIsVisible = 0;
			defaultConfigurationName = Release;
		};
		5E2A7AE0204F611300F4E17A /* Build configuration list for PBXProject "ParrotEducationTemplate" */ = {
			isa = XCConfigurationList;
			buildConfigurations = (
				5E2A7AE1204F611300F4E17A /* Debug */,
				5E2A7AE2204F611300F4E17A /* Release */,
			);
			defaultConfigurationIsVisible = 0;
			defaultConfigurationName = Release;
		};
		5EA2E3CE2056F35B00416A35 /* Build configuration list for PBXNativeTarget "LiveViewTestApp" */ = {
			isa = XCConfigurationList;
			buildConfigurations = (
				5EA2E3CC2056F35B00416A35 /* Debug */,
				5EA2E3CD2056F35B00416A35 /* Release */,
			);
			defaultConfigurationIsVisible = 0;
			defaultConfigurationName = Release;
		};
		5EF2F9AF2054BBF300191409 /* Build configuration list for PBXNativeTarget "Book_Sources" */ = {
			isa = XCConfigurationList;
			buildConfigurations = (
				5EF2F9B02054BBF300191409 /* Debug */,
				5EF2F9B12054BBF300191409 /* Release */,
			);
			defaultConfigurationIsVisible = 0;
			defaultConfigurationName = Release;
		};
/* End XCConfigurationList section */
	};
	rootObject = 5E2A7ADD204F611300F4E17A /* Project object */;
}
